// !$*UTF8*$!
{
	archiveVersion = 1;
	classes = {
	};
	objectVersion = 46;
	objects = {

/* Begin PBXBuildFile section */
		58D6E7801A970CC900D03EA2 /* AppDelegate.swift in Sources */ = {isa = PBXBuildFile; fileRef = 58D6E77F1A970CC900D03EA2 /* AppDelegate.swift */; };
		58D6E7821A970CC900D03EA2 /* ViewController.swift in Sources */ = {isa = PBXBuildFile; fileRef = 58D6E7811A970CC900D03EA2 /* ViewController.swift */; };
		58D6E7851A970CC900D03EA2 /* Main.storyboard in Resources */ = {isa = PBXBuildFile; fileRef = 58D6E7831A970CC900D03EA2 /* Main.storyboard */; };
		58D6E7871A970CC900D03EA2 /* Images.xcassets in Resources */ = {isa = PBXBuildFile; fileRef = 58D6E7861A970CC900D03EA2 /* Images.xcassets */; };
		58D6E78A1A970CC900D03EA2 /* LaunchScreen.xib in Resources */ = {isa = PBXBuildFile; fileRef = 58D6E7881A970CC900D03EA2 /* LaunchScreen.xib */; };
		58D6E7961A970CCA00D03EA2 /* RealmSample2Tests.swift in Sources */ = {isa = PBXBuildFile; fileRef = 58D6E7951A970CCA00D03EA2 /* RealmSample2Tests.swift */; };
		58D6E7AB1A971CA900D03EA2 /* libc++.dylib in Frameworks */ = {isa = PBXBuildFile; fileRef = 58D6E7AA1A971CA900D03EA2 /* libc++.dylib */; };
		58D6E7AD1A971CC300D03EA2 /* Realm.framework in Frameworks */ = {isa = PBXBuildFile; fileRef = 58D6E7AC1A971CC300D03EA2 /* Realm.framework */; };
		58D6E7AF1A971CD500D03EA2 /* RLMSupport.swift in Sources */ = {isa = PBXBuildFile; fileRef = 58D6E7AE1A971CD500D03EA2 /* RLMSupport.swift */; };
		58D6E7B21A971CFB00D03EA2 /* Book.swift in Sources */ = {isa = PBXBuildFile; fileRef = 58D6E7B11A971CFB00D03EA2 /* Book.swift */; };
		58D6E7B41A971F5000D03EA2 /* AddView.swift in Sources */ = {isa = PBXBuildFile; fileRef = 58D6E7B31A971F5000D03EA2 /* AddView.swift */; };
/* End PBXBuildFile section */

/* Begin PBXContainerItemProxy section */
		58D6E7901A970CC900D03EA2 /* PBXContainerItemProxy */ = {
			isa = PBXContainerItemProxy;
			containerPortal = 58D6E7721A970CC900D03EA2 /* Project object */;
			proxyType = 1;
			remoteGlobalIDString = 58D6E7791A970CC900D03EA2;
			remoteInfo = RealmSample2;
		};
/* End PBXContainerItemProxy section */

/* Begin PBXFileReference section */
		58D6E77A1A970CC900D03EA2 /* RealmSample2.app */ = {isa = PBXFileReference; explicitFileType = wrapper.application; includeInIndex = 0; path = RealmSample2.app; sourceTree = BUILT_PRODUCTS_DIR; };
		58D6E77E1A970CC900D03EA2 /* Info.plist */ = {isa = PBXFileReference; lastKnownFileType = text.plist.xml; path = Info.plist; sourceTree = "<group>"; };
		58D6E77F1A970CC900D03EA2 /* AppDelegate.swift */ = {isa = PBXFileReference; lastKnownFileType = sourcecode.swift; path = AppDelegate.swift; sourceTree = "<group>"; };
		58D6E7811A970CC900D03EA2 /* ViewController.swift */ = {isa = PBXFileReference; lastKnownFileType = sourcecode.swift; path = ViewController.swift; sourceTree = "<group>"; };
		58D6E7841A970CC900D03EA2 /* Base */ = {isa = PBXFileReference; lastKnownFileType = file.storyboard; name = Base; path = Base.lproj/Main.storyboard; sourceTree = "<group>"; };
		58D6E7861A970CC900D03EA2 /* Images.xcassets */ = {isa = PBXFileReference; lastKnownFileType = folder.assetcatalog; path = Images.xcassets; sourceTree = "<group>"; };
		58D6E7891A970CC900D03EA2 /* Base */ = {isa = PBXFileReference; lastKnownFileType = file.xib; name = Base; path = Base.lproj/LaunchScreen.xib; sourceTree = "<group>"; };
		58D6E78F1A970CC900D03EA2 /* RealmSample2Tests.xctest */ = {isa = PBXFileReference; explicitFileType = wrapper.cfbundle; includeInIndex = 0; path = RealmSample2Tests.xctest; sourceTree = BUILT_PRODUCTS_DIR; };
		58D6E7941A970CC900D03EA2 /* Info.plist */ = {isa = PBXFileReference; lastKnownFileType = text.plist.xml; path = Info.plist; sourceTree = "<group>"; };
		58D6E7951A970CCA00D03EA2 /* RealmSample2Tests.swift */ = {isa = PBXFileReference; lastKnownFileType = sourcecode.swift; path = RealmSample2Tests.swift; sourceTree = "<group>"; };
		58D6E7AA1A971CA900D03EA2 /* libc++.dylib */ = {isa = PBXFileReference; lastKnownFileType = "compiled.mach-o.dylib"; name = "libc++.dylib"; path = "usr/lib/libc++.dylib"; sourceTree = SDKROOT; };
		58D6E7AC1A971CC300D03EA2 /* Realm.framework */ = {isa = PBXFileReference; lastKnownFileType = wrapper.framework; name = Realm.framework; path = "../../../Downloads/realm-cocoa-0.90.5/ios/Realm.framework"; sourceTree = "<group>"; };
		58D6E7AE1A971CD500D03EA2 /* RLMSupport.swift */ = {isa = PBXFileReference; fileEncoding = 4; lastKnownFileType = sourcecode.swift; name = RLMSupport.swift; path = "../../../Downloads/realm-cocoa-0.90.5/Swift/RLMSupport.swift"; sourceTree = "<group>"; };
		58D6E7B11A971CFB00D03EA2 /* Book.swift */ = {isa = PBXFileReference; fileEncoding = 4; lastKnownFileType = sourcecode.swift; path = Book.swift; sourceTree = "<group>"; };
		58D6E7B31A971F5000D03EA2 /* AddView.swift */ = {isa = PBXFileReference; fileEncoding = 4; lastKnownFileType = sourcecode.swift; path = AddView.swift; sourceTree = "<group>"; };
/* End PBXFileReference section */

/* Begin PBXFrameworksBuildPhase section */
		58D6E7771A970CC900D03EA2 /* Frameworks */ = {
			isa = PBXFrameworksBuildPhase;
			buildActionMask = 2147483647;
			files = (
				58D6E7AD1A971CC300D03EA2 /* Realm.framework in Frameworks */,
				58D6E7AB1A971CA900D03EA2 /* libc++.dylib in Frameworks */,
			);
			runOnlyForDeploymentPostprocessing = 0;
		};
		58D6E78C1A970CC900D03EA2 /* Frameworks */ = {
			isa = PBXFrameworksBuildPhase;
			buildActionMask = 2147483647;
			files = (
			);
			runOnlyForDeploymentPostprocessing = 0;
		};
/* End PBXFrameworksBuildPhase section */

/* Begin PBXGroup section */
		58D6E7711A970CC900D03EA2 = {
			isa = PBXGroup;
			children = (
				58D6E7AA1A971CA900D03EA2 /* libc++.dylib */,
				58D6E77C1A970CC900D03EA2 /* RealmSample2 */,
				58D6E7921A970CC900D03EA2 /* RealmSample2Tests */,
				58D6E77B1A970CC900D03EA2 /* Products */,
			);
			sourceTree = "<group>";
		};
		58D6E77B1A970CC900D03EA2 /* Products */ = {
			isa = PBXGroup;
			children = (
				58D6E77A1A970CC900D03EA2 /* RealmSample2.app */,
				58D6E78F1A970CC900D03EA2 /* RealmSample2Tests.xctest */,
			);
			name = Products;
			sourceTree = "<group>";
		};
		58D6E77C1A970CC900D03EA2 /* RealmSample2 */ = {
			isa = PBXGroup;
			children = (
				58D6E7B01A971CE300D03EA2 /* model */,
				58D6E7AC1A971CC300D03EA2 /* Realm.framework */,
				58D6E7A91A971C6400D03EA2 /* realm */,
				58D6E77F1A970CC900D03EA2 /* AppDelegate.swift */,
				58D6E7811A970CC900D03EA2 /* ViewController.swift */,
				58D6E7831A970CC900D03EA2 /* Main.storyboard */,
				58D6E7861A970CC900D03EA2 /* Images.xcassets */,
				58D6E7881A970CC900D03EA2 /* LaunchScreen.xib */,
				58D6E77D1A970CC900D03EA2 /* Supporting Files */,
				58D6E7B31A971F5000D03EA2 /* AddView.swift */,
			);
			path = RealmSample2;
			sourceTree = "<group>";
		};
		58D6E77D1A970CC900D03EA2 /* Supporting Files */ = {
			isa = PBXGroup;
			children = (
				58D6E77E1A970CC900D03EA2 /* Info.plist */,
			);
			name = "Supporting Files";
			sourceTree = "<group>";
		};
		58D6E7921A970CC900D03EA2 /* RealmSample2Tests */ = {
			isa = PBXGroup;
			children = (
				58D6E7951A970CCA00D03EA2 /* RealmSample2Tests.swift */,
				58D6E7931A970CC900D03EA2 /* Supporting Files */,
			);
			path = RealmSample2Tests;
			sourceTree = "<group>";
		};
		58D6E7931A970CC900D03EA2 /* Supporting Files */ = {
			isa = PBXGroup;
			children = (
				58D6E7941A970CC900D03EA2 /* Info.plist */,
			);
			name = "Supporting Files";
			sourceTree = "<group>";
		};
		58D6E7A91A971C6400D03EA2 /* realm */ = {
			isa = PBXGroup;
			children = (
				58D6E7AE1A971CD500D03EA2 /* RLMSupport.swift */,
			);
			name = realm;
			sourceTree = "<group>";
		};
		58D6E7B01A971CE300D03EA2 /* model */ = {
			isa = PBXGroup;
			children = (
				58D6E7B11A971CFB00D03EA2 /* Book.swift */,
			);
			name = model;
			sourceTree = "<group>";
		};
/* End PBXGroup section */

/* Begin PBXNativeTarget section */
		58D6E7791A970CC900D03EA2 /* RealmSample2 */ = {
			isa = PBXNativeTarget;
			buildConfigurationList = 58D6E7991A970CCA00D03EA2 /* Build configuration list for PBXNativeTarget "RealmSample2" */;
			buildPhases = (
				58D6E7761A970CC900D03EA2 /* Sources */,
				58D6E7771A970CC900D03EA2 /* Frameworks */,
				58D6E7781A970CC900D03EA2 /* Resources */,
			);
			buildRules = (
			);
			dependencies = (
			);
			name = RealmSample2;
			productName = RealmSample2;
			productReference = 58D6E77A1A970CC900D03EA2 /* RealmSample2.app */;
			productType = "com.apple.product-type.application";
		};
		58D6E78E1A970CC900D03EA2 /* RealmSample2Tests */ = {
			isa = PBXNativeTarget;
			buildConfigurationList = 58D6E79C1A970CCA00D03EA2 /* Build configuration list for PBXNativeTarget "RealmSample2Tests" */;
			buildPhases = (
				58D6E78B1A970CC900D03EA2 /* Sources */,
				58D6E78C1A970CC900D03EA2 /* Frameworks */,
				58D6E78D1A970CC900D03EA2 /* Resources */,
			);
			buildRules = (
			);
			dependencies = (
				58D6E7911A970CC900D03EA2 /* PBXTargetDependency */,
			);
			name = RealmSample2Tests;
			productName = RealmSample2Tests;
			productReference = 58D6E78F1A970CC900D03EA2 /* RealmSample2Tests.xctest */;
			productType = "com.apple.product-type.bundle.unit-test";
		};
/* End PBXNativeTarget section */

/* Begin PBXProject section */
		58D6E7721A970CC900D03EA2 /* Project object */ = {
			isa = PBXProject;
			attributes = {
				LastUpgradeCheck = 0630;
				ORGANIZATIONNAME = "HIRATSUKA SHUNSUKE";
				TargetAttributes = {
					58D6E7791A970CC900D03EA2 = {
						CreatedOnToolsVersion = 6.3;
					};
					58D6E78E1A970CC900D03EA2 = {
						CreatedOnToolsVersion = 6.3;
						TestTargetID = 58D6E7791A970CC900D03EA2;
					};
				};
			};
			buildConfigurationList = 58D6E7751A970CC900D03EA2 /* Build configuration list for PBXProject "RealmSample2" */;
			compatibilityVersion = "Xcode 3.2";
			developmentRegion = English;
			hasScannedForEncodings = 0;
			knownRegions = (
				en,
				Base,
			);
			mainGroup = 58D6E7711A970CC900D03EA2;
			productRefGroup = 58D6E77B1A970CC900D03EA2 /* Products */;
			projectDirPath = "";
			projectRoot = "";
			targets = (
				58D6E7791A970CC900D03EA2 /* RealmSample2 */,
				58D6E78E1A970CC900D03EA2 /* RealmSample2Tests */,
			);
		};
/* End PBXProject section */

/* Begin PBXResourcesBuildPhase section */
		58D6E7781A970CC900D03EA2 /* Resources */ = {
			isa = PBXResourcesBuildPhase;
			buildActionMask = 2147483647;
			files = (
				58D6E7851A970CC900D03EA2 /* Main.storyboard in Resources */,
				58D6E78A1A970CC900D03EA2 /* LaunchScreen.xib in Resources */,
				58D6E7871A970CC900D03EA2 /* Images.xcassets in Resources */,
			);
			runOnlyForDeploymentPostprocessing = 0;
		};
		58D6E78D1A970CC900D03EA2 /* Resources */ = {
			isa = PBXResourcesBuildPhase;
			buildActionMask = 2147483647;
			files = (
			);
			runOnlyForDeploymentPostprocessing = 0;
		};
/* End PBXResourcesBuildPhase section */

/* Begin PBXSourcesBuildPhase section */
		58D6E7761A970CC900D03EA2 /* Sources */ = {
			isa = PBXSourcesBuildPhase;
			buildActionMask = 2147483647;
			files = (
				58D6E7B21A971CFB00D03EA2 /* Book.swift in Sources */,
				58D6E7821A970CC900D03EA2 /* ViewController.swift in Sources */,
				58D6E7B41A971F5000D03EA2 /* AddView.swift in Sources */,
				58D6E7AF1A971CD500D03EA2 /* RLMSupport.swift in Sources */,
				58D6E7801A970CC900D03EA2 /* AppDelegate.swift in Sources */,
			);
			runOnlyForDeploymentPostprocessing = 0;
		};
		58D6E78B1A970CC900D03EA2 /* Sources */ = {
			isa = PBXSourcesBuildPhase;
			buildActionMask = 2147483647;
			files = (
				58D6E7961A970CCA00D03EA2 /* RealmSample2Tests.swift in Sources */,
			);
			runOnlyForDeploymentPostprocessing = 0;
		};
/* End PBXSourcesBuildPhase section */

/* Begin PBXTargetDependency section */
		58D6E7911A970CC900D03EA2 /* PBXTargetDependency */ = {
			isa = PBXTargetDependency;
			target = 58D6E7791A970CC900D03EA2 /* RealmSample2 */;
			targetProxy = 58D6E7901A970CC900D03EA2 /* PBXContainerItemProxy */;
		};
/* End PBXTargetDependency section */

/* Begin PBXVariantGroup section */
		58D6E7831A970CC900D03EA2 /* Main.storyboard */ = {
			isa = PBXVariantGroup;
			children = (
				58D6E7841A970CC900D03EA2 /* Base */,
			);
			name = Main.storyboard;
			sourceTree = "<group>";
		};
		58D6E7881A970CC900D03EA2 /* LaunchScreen.xib */ = {
			isa = PBXVariantGroup;
			children = (
				58D6E7891A970CC900D03EA2 /* Base */,
			);
			name = LaunchScreen.xib;
			sourceTree = "<group>";
		};
/* End PBXVariantGroup section */

/* Begin XCBuildConfiguration section */
		58D6E7971A970CCA00D03EA2 /* Debug */ = {
			isa = XCBuildConfiguration;
			buildSettings = {
				ALWAYS_SEARCH_USER_PATHS = NO;
				CLANG_CXX_LANGUAGE_STANDARD = "gnu++0x";
				CLANG_CXX_LIBRARY = "libc++";
				CLANG_ENABLE_MODULES = YES;
				CLANG_ENABLE_OBJC_ARC = YES;
				CLANG_WARN_BOOL_CONVERSION = YES;
				CLANG_WARN_CONSTANT_CONVERSION = YES;
				CLANG_WARN_DIRECT_OBJC_ISA_USAGE = YES_ERROR;
				CLANG_WARN_EMPTY_BODY = YES;
				CLANG_WARN_ENUM_CONVERSION = YES;
				CLANG_WARN_INT_CONVERSION = YES;
				CLANG_WARN_OBJC_ROOT_CLASS = YES_ERROR;
				CLANG_WARN_UNREACHABLE_CODE = YES;
				CLANG_WARN__DUPLICATE_METHOD_MATCH = YES;
				"CODE_SIGN_IDENTITY[sdk=iphoneos*]" = "iPhone Developer";
				COPY_PHASE_STRIP = NO;
				DEBUG_INFORMATION_FORMAT = dwarf;
				ENABLE_STRICT_OBJC_MSGSEND = YES;
				GCC_C_LANGUAGE_STANDARD = gnu99;
				GCC_DYNAMIC_NO_PIC = NO;
				GCC_OPTIMIZATION_LEVEL = 0;
				GCC_PREPROCESSOR_DEFINITIONS = (
					"DEBUG=1",
					"$(inherited)",
				);
				GCC_SYMBOLS_PRIVATE_EXTERN = NO;
				GCC_WARN_64_TO_32_BIT_CONVERSION = YES;
				GCC_WARN_ABOUT_RETURN_TYPE = YES_ERROR;
				GCC_WARN_UNDECLARED_SELECTOR = YES;
				GCC_WARN_UNINITIALIZED_AUTOS = YES_AGGRESSIVE;
				GCC_WARN_UNUSED_FUNCTION = YES;
				GCC_WARN_UNUSED_VARIABLE = YES;
				IPHONEOS_DEPLOYMENT_TARGET = 8.3;
				MTL_ENABLE_DEBUG_INFO = YES;
				ONLY_ACTIVE_ARCH = YES;
				SDKROOT = iphoneos;
				SWIFT_OPTIMIZATION_LEVEL = "-Onone";
			};
			name = Debug;
		};
		58D6E7981A970CCA00D03EA2 /* Release */ = {
			isa = XCBuildConfiguration;
			buildSettings = {
				ALWAYS_SEARCH_USER_PATHS = NO;
				CLANG_CXX_LANGUAGE_STANDARD = "gnu++0x";
				CLANG_CXX_LIBRARY = "libc++";
				CLANG_ENABLE_MODULES = YES;
				CLANG_ENABLE_OBJC_ARC = YES;
				CLANG_WARN_BOOL_CONVERSION = YES;
				CLANG_WARN_CONSTANT_CONVERSION = YES;
				CLANG_WARN_DIRECT_OBJC_ISA_USAGE = YES_ERROR;
				CLANG_WARN_EMPTY_BODY = YES;
				CLANG_WARN_ENUM_CONVERSION = YES;
				CLANG_WARN_INT_CONVERSION = YES;
				CLANG_WARN_OBJC_ROOT_CLASS = YES_ERROR;
				CLANG_WARN_UNREACHABLE_CODE = YES;
				CLANG_WARN__DUPLICATE_METHOD_MATCH = YES;
				"CODE_SIGN_IDENTITY[sdk=iphoneos*]" = "iPhone Developer";
				COPY_PHASE_STRIP = NO;
				DEBUG_INFORMATION_FORMAT = "dwarf-with-dsym";
				ENABLE_NS_ASSERTIONS = NO;
				ENABLE_STRICT_OBJC_MSGSEND = YES;
				GCC_C_LANGUAGE_STANDARD = gnu99;
				GCC_WARN_64_TO_32_BIT_CONVERSION = YES;
				GCC_WARN_ABOUT_RETURN_TYPE = YES_ERROR;
				GCC_WARN_UNDECLARED_SELECTOR = YES;
				GCC_WARN_UNINITIALIZED_AUTOS = YES_AGGRESSIVE;
				GCC_WARN_UNUSED_FUNCTION = YES;
				GCC_WARN_UNUSED_VARIABLE = YES;
				IPHONEOS_DEPLOYMENT_TARGET = 8.3;
				MTL_ENABLE_DEBUG_INFO = NO;
				SDKROOT = iphoneos;
				VALIDATE_PRODUCT = YES;
			};
			name = Release;
		};
		58D6E79A1A970CCA00D03EA2 /* Debug */ = {
			isa = XCBuildConfiguration;
			buildSettings = {
				ASSETCATALOG_COMPILER_APPICON_NAME = AppIcon;
				FRAMEWORK_SEARCH_PATHS = (
					"$(inherited)",
					"/Users/shiratsu/Downloads/realm-cocoa-0.90.5/ios",
				);
				INFOPLIST_FILE = RealmSample2/Info.plist;
				LD_RUNPATH_SEARCH_PATHS = "$(inherited) @executable_path/Frameworks";
				PRODUCT_NAME = "$(TARGET_NAME)";
			};
			name = Debug;
		};
		58D6E79B1A970CCA00D03EA2 /* Release */ = {
			isa = XCBuildConfiguration;
			buildSettings = {
				ASSETCATALOG_COMPILER_APPICON_NAME = AppIcon;
				FRAMEWORK_SEARCH_PATHS = (
					"$(inherited)",
					"/Users/shiratsu/Downloads/realm-cocoa-0.90.5/ios",
				);
				INFOPLIST_FILE = RealmSample2/Info.plist;
				LD_RUNPATH_SEARCH_PATHS = "$(inherited) @executable_path/Frameworks";
				PRODUCT_NAME = "$(TARGET_NAME)";
			};
			name = Release;
		};
		58D6E79D1A970CCA00D03EA2 /* Debug */ = {
			isa = XCBuildConfiguration;
			buildSettings = {
				BUNDLE_LOADER = "$(TEST_HOST)";
				FRAMEWORK_SEARCH_PATHS = (
					"$(SDKROOT)/Developer/Library/Frameworks",
					"$(inherited)",
				);
				GCC_PREPROCESSOR_DEFINITIONS = (
					"DEBUG=1",
					"$(inherited)",
				);
				INFOPLIST_FILE = RealmSample2Tests/Info.plist;
				LD_RUNPATH_SEARCH_PATHS = "$(inherited) @executable_path/Frameworks @loader_path/Frameworks";
				PRODUCT_NAME = "$(TARGET_NAME)";
				TEST_HOST = "$(BUILT_PRODUCTS_DIR)/RealmSample2.app/RealmSample2";
			};
			name = Debug;
		};
		58D6E79E1A970CCA00D03EA2 /* Release */ = {
			isa = XCBuildConfiguration;
			buildSettings = {
				BUNDLE_LOADER = "$(TEST_HOST)";
				FRAMEWORK_SEARCH_PATHS = (
					"$(SDKROOT)/Developer/Library/Frameworks",
					"$(inherited)",
				);
				INFOPLIST_FILE = RealmSample2Tests/Info.plist;
				LD_RUNPATH_SEARCH_PATHS = "$(inherited) @executable_path/Frameworks @loader_path/Frameworks";
				PRODUCT_NAME = "$(TARGET_NAME)";
				TEST_HOST = "$(BUILT_PRODUCTS_DIR)/RealmSample2.app/RealmSample2";
			};
			name = Release;
		};
/* End XCBuildConfiguration section */

/* Begin XCConfigurationList section */
		58D6E7751A970CC900D03EA2 /* Build configuration list for PBXProject "RealmSample2" */ = {
			isa = XCConfigurationList;
			buildConfigurations = (
				58D6E7971A970CCA00D03EA2 /* Debug */,
				58D6E7981A970CCA00D03EA2 /* Release */,
			);
			defaultConfigurationIsVisible = 0;
			defaultConfigurationName = Release;
		};
		58D6E7991A970CCA00D03EA2 /* Build configuration list for PBXNativeTarget "RealmSample2" */ = {
			isa = XCConfigurationList;
			buildConfigurations = (
				58D6E79A1A970CCA00D03EA2 /* Debug */,
				58D6E79B1A970CCA00D03EA2 /* Release */,
			);
			defaultConfigurationIsVisible = 0;
			defaultConfigurationName = Release;
		};
		58D6E79C1A970CCA00D03EA2 /* Build configuration list for PBXNativeTarget "RealmSample2Tests" */ = {
			isa = XCConfigurationList;
			buildConfigurations = (
				58D6E79D1A970CCA00D03EA2 /* Debug */,
				58D6E79E1A970CCA00D03EA2 /* Release */,
			);
			defaultConfigurationIsVisible = 0;
			defaultConfigurationName = Release;
		};
/* End XCConfigurationList section */
	};
	rootObject = 58D6E7721A970CC900D03EA2 /* Project object */;
}
